
Microsoft Visual Studio Solution File, Format Version 12.00
# Visual Studio Version 16
VisualStudioVersion = 16.0.35731.53
MinimumVisualStudioVersion = 10.0.40219.1
Project("{FAE04EC0-301F-11D3-BF4B-00C04F79EFBC}") = "ProyectoProlog", "ProyectoProlog\ProyectoProlog.csproj", "{BF77751F-DA8D-42AF-B763-2B80E41391CA}"
EndProject
Global
	GlobalSection(SolutionConfigurationPlatforms) = preSolution
		Debug|Any CPU = Debug|Any CPU
		Release|Any CPU = Release|Any CPU
	EndGlobalSection
	GlobalSection(ProjectConfigurationPlatforms) = postSolution
		{BF77751F-DA8D-42AF-B763-2B80E41391CA}.Debug|Any CPU.ActiveCfg = Debug|Any CPU
		{BF77751F-DA8D-42AF-B763-2B80E41391CA}.Debug|Any CPU.Build.0 = Debug|Any CPU
		{BF77751F-DA8D-42AF-B763-2B80E41391CA}.Release|Any CPU.ActiveCfg = Release|Any CPU
		{BF77751F-DA8D-42AF-B763-2B80E41391CA}.Release|Any CPU.Build.0 = Release|Any CPU
	EndGlobalSection
	GlobalSection(SolutionProperties) = preSolution
		HideSolutionNode = FALSE
	EndGlobalSection
	GlobalSection(ExtensibilityGlobals) = postSolution
		SolutionGuid = {FE88E767-5B0F-41C1-AD8E-C5CD6A7900CE}
	EndGlobalSection
EndGlobal
